<Solution>
  <Project Path="P001_MessageBoxHelloWorld/P001_MessageBoxHelloWorld.csproj" />
  <Project Path="P002_NewForm/P002_NewForm.csproj" />
  <Project Path="P003_ShowForm/P003_ShowForm.csproj" />
  <Project Path="P004_ShowFormAndSleep/P004_ShowFormAndSleep.csproj" />
  <Project Path="P005_RunFormBadly/P005_RunFormBadly.csproj" />
  <Project Path="P006_RunFormBetter/P006_RunFormBetter.csproj" />
  <Project Path="P007_TwoForms/P007_TwoForms.csproj" />
  <Project Path="P008_FormProperties/P008_FormProperties.csproj" Id="48950e76-7b9e-4ab5-bfea-45f3f7f5e732" />
  <Project Path="P009_PaintEvent/P009_PaintEvent.csproj" Id="c253e859-d4a5-456f-819b-0c8b5312f9fa" />
  <Project Path="P010_PaintHello/P010_PaintHello.csproj" Id="7553e799-c43b-460b-a4ba-8891b63a43ee" />
</Solution>
