<Solution>
  <Folder Name="/Ch02/">
    <Project Path="P001_MessageBoxHelloWorld/P001_MessageBoxHelloWorld.csproj" />
    <Project Path="P002_NewForm/P002_NewForm.csproj" />
    <Project Path="P003_ShowForm/P003_ShowForm.csproj" />
    <Project Path="P004_ShowFormAndSleep/P004_ShowFormAndSleep.csproj" />
    <Project Path="P005_RunFormBadly/P005_RunFormBadly.csproj" />
    <Project Path="P006_RunFormBetter/P006_RunFormBetter.csproj" />
    <Project Path="P007_TwoForms/P007_TwoForms.csproj" />
    <Project Path="P008_FormProperties/P008_FormProperties.csproj" Id="48950e76-7b9e-4ab5-bfea-45f3f7f5e732" />
    <Project Path="P009_PaintEvent/P009_PaintEvent.csproj" Id="c253e859-d4a5-456f-819b-0c8b5312f9fa" />
    <Project Path="P010_PaintHello/P010_PaintHello.csproj" Id="7553e799-c43b-460b-a4ba-8891b63a43ee" />
    <Project Path="P011_PaintTwoForms/P011_PaintTwoForms.csproj" Id="ecbc938f-0241-4d80-bebb-4fa28472d40e" />
    <Project Path="P012_TwoPaintHandlers/P012_TwoPaintHandlers.csproj" Id="a98467e3-ec52-4002-8c7e-99089c180664" />
    <Project Path="P013_InheritTheForm/P013_InheritTheForm.csproj" Id="4bdf9eef-3f91-4e59-9009-e7556d66a99f" />
    <Project Path="P014_InheritWithConstructor/P014_InheritWithConstructor.csproj" Id="74ff6c14-3c87-487a-adfc-495ba74ebd68" />
    <Project Path="P015_HelloWorld/P015_HelloWorld.csproj" Id="ff8b7da4-43e2-402b-9f4a-90326d32434f" />
    <Project Path="P016_InheritHelloWorld/P016_InheritHelloWorld.csproj" Id="5d97804a-4bd7-4f68-bfd6-f9beabab3801" />
    <Project Path="P017_InstantiateHelloWorld/P017_InstantiateHelloWorld.csproj" Id="29e3f793-2053-4fc7-b05e-4a2a448c1c4e" />
  </Folder>
  <Folder Name="/Ch03/">
    <Project Path="P018_FormSize/P018_FormSize.csproj" Id="6d444714-d3b0-4193-ab56-f0a9ff0321e8" />
    <Project Path="P019_RandomClear/P019_RandomClear.csproj" Id="73ce7896-77ef-485f-880a-4943c8fe9126" />
    <Project Path="P020_RandomClearResizeRedraw/P020_RandomClearResizeRedraw.csproj" Id="6d8338af-d9b0-430e-ad9a-32227721bd90" />
    <Project Path="P021_FourCorners/P021_FourCorners.csproj" Id="e522884b-53db-4428-9263-04132f8c6a63" />
    <Project Path="P022_HelloCenteredAlignment/P022_HelloCenteredAlignment.csproj" Id="995ca59c-9ad4-4bc7-a04c-28116065953b" />
    <Project Path="P023_HelloCenteredMeasured/P023_HelloCenteredMeasured.csproj" Id="3e8716ba-d5db-4f18-99c1-2b26fd2590c0" />
    <Project Path="P024_HelloCenteredRectangle/P024_HelloCenteredRectangle.csproj" Id="83c5136b-2707-42da-9f73-affc68c4d1ca" />
    <Project Path="P025_HuckleberryFinn/P025_HuckleberryFinn.csproj" />
  </Folder>
  <Folder Name="/Ch04/">
    <Project Path="P026_SysInfoFirstTry/P026_SysInfoFirstTry.csproj" Id="bf931a13-6d44-412f-82ed-b60e416d8eca" />
    <Project Path="P027_SysInfoColumns/P027_SysInfoColumns.csproj" Id="26b67bb3-3490-4d7b-a6dc-42ad33a52346" />
    <Project Path="P028_SysInfoStrings/P028_SysInfoStrings.csproj" Id="f6f2ea0c-8137-4e5b-9f81-5c1db965474f" />
    <Project Path="P029_SysInfoPanel/P029_SysInfoPanel.csproj" Id="ee06853d-b70a-4679-b823-2559f6fb8d09" />
    <Project Path="P030_SysInfoScroll/P030_SysInfoScroll.csproj" Id="ca453df1-8d8a-44dd-bc29-3c0c4a8a5dbc" />
    <Project Path="P031_SysInfoUpdate/P031_SysInfoUpdate.csproj" Id="d0c13601-0bca-4338-ba8c-f3fec933a7d6" />
    <Project Path="P032_SysInfoEfficient/P032_SysInfoEfficient.csproj" Id="0d7b4bc1-2194-40b1-8417-5f751763adab" />
  </Folder>
  <Folder Name="/Ch05/">
    <Project Path="P033_XMarksTheSpot/P033_XMarksTheSpot.csproj" Id="d603c55f-2070-45a5-9bdb-5a97a67d7376" />
    <Project Path="P034_HelloPrinter/P034_HelloPrinter.csproj" Id="f2534e7d-db19-49d3-9d9a-206fa39973c2" />
    <Project Path="P035_PrintableForm/P035_PrintableForm.csproj" Id="92d7f1fe-c629-402e-b5b1-8700ecf89a37" />
    <Project Path="P036_AntiAlias/P036_AntiAlias.csproj" Id="d0b1464f-e2b1-4375-978f-65f018cad81a" />
    <Project Path="P037_BoxingTheClient/P037_BoxingTheClient.csproj" Id="9dd92f49-84e7-4067-8d28-975280782814" />
    <Project Path="P038_DrawHouse/P038_DrawHouse.csproj" Id="5dc4320c-051c-42c5-9629-66a26243fde6" />
  </Folder>
</Solution>
